// !$*UTF8*$!
{
	archiveVersion = 1;
	classes = {
	};
	objectVersion = 56;
	objects = {

/* Begin PBXBuildFile section */
		A10000000000000000000001 /* QingKeScheduleApp.swift in Sources */ = {isa = PBXBuildFile; fileRef = A20000000000000000000001 /* QingKeScheduleApp.swift */; };
		A10000000000000000000002 /* ProjectScaffold.swift in Sources */ = {isa = PBXBuildFile; fileRef = A20000000000000000000002 /* ProjectScaffold.swift */; };
		A10000000000000000000003 /* QingKeScheduleTests.swift in Sources */ = {isa = PBXBuildFile; fileRef = A20000000000000000000003 /* QingKeScheduleTests.swift */; };
		A10000000000000000000004 /* QingKeScheduleUITests.swift in Sources */ = {isa = PBXBuildFile; fileRef = A20000000000000000000004 /* QingKeScheduleUITests.swift */; };
		A10000000000000000000005 /* ScheduleDTOs.swift in Sources */ = {isa = PBXBuildFile; fileRef = A20000000000000000000008 /* ScheduleDTOs.swift */; };
		A10000000000000000000006 /* ScheduleRules.swift in Sources */ = {isa = PBXBuildFile; fileRef = A20000000000000000000009 /* ScheduleRules.swift */; };
		A10000000000000000000007 /* ScheduleValidation.swift in Sources */ = {isa = PBXBuildFile; fileRef = A2000000000000000000000A /* ScheduleValidation.swift */; };
		A10000000000000000000008 /* SharedFixtureTests.swift in Sources */ = {isa = PBXBuildFile; fileRef = A2000000000000000000000B /* SharedFixtureTests.swift */; };
		A10000000000000000000009 /* ScheduleRulesTests.swift in Sources */ = {isa = PBXBuildFile; fileRef = A2000000000000000000000C /* ScheduleRulesTests.swift */; };
		A1000000000000000000000A /* schedule-data.schema.json in Resources */ = {isa = PBXBuildFile; fileRef = A2000000000000000000000D /* schedule-data.schema.json */; };
		A1000000000000000000000B /* manifest.json in Resources */ = {isa = PBXBuildFile; fileRef = A2000000000000000000000E /* manifest.json */; };
		A1000000000000000000000C /* complete-schedule.json in Resources */ = {isa = PBXBuildFile; fileRef = A2000000000000000000000F /* complete-schedule.json */; };
		A1000000000000000000000D /* empty-schedule.json in Resources */ = {isa = PBXBuildFile; fileRef = A20000000000000000000010 /* empty-schedule.json */; };
		A1000000000000000000000E /* invalid-date.json in Resources */ = {isa = PBXBuildFile; fileRef = A20000000000000000000011 /* invalid-date.json */; };
		A1000000000000000000000F /* invalid-enum.json in Resources */ = {isa = PBXBuildFile; fileRef = A20000000000000000000012 /* invalid-enum.json */; };
		A10000000000000000000010 /* invalid-period-overlap.json in Resources */ = {isa = PBXBuildFile; fileRef = A20000000000000000000013 /* invalid-period-overlap.json */; };
		A10000000000000000000011 /* invalid-week-range.json in Resources */ = {isa = PBXBuildFile; fileRef = A20000000000000000000014 /* invalid-week-range.json */; };
		A10000000000000000000012 /* missing-field.json in Resources */ = {isa = PBXBuildFile; fileRef = A20000000000000000000015 /* missing-field.json */; };
		A10000000000000000000013 /* unknown-version.json in Resources */ = {isa = PBXBuildFile; fileRef = A20000000000000000000016 /* unknown-version.json */; };
		A10000000000000000000014 /* missing-semester.json in Resources */ = {isa = PBXBuildFile; fileRef = A20000000000000000000017 /* missing-semester.json */; };
		A10000000000000000000015 /* ScheduleModels.swift in Sources */ = {isa = PBXBuildFile; fileRef = A20000000000000000000018 /* ScheduleModels.swift */; };
		A10000000000000000000016 /* ScheduleRepository.swift in Sources */ = {isa = PBXBuildFile; fileRef = A20000000000000000000019 /* ScheduleRepository.swift */; };
		A10000000000000000000017 /* SwiftDataScheduleRepository.swift in Sources */ = {isa = PBXBuildFile; fileRef = A2000000000000000000001A /* SwiftDataScheduleRepository.swift */; };
		A10000000000000000000018 /* ScheduleAppState.swift in Sources */ = {isa = PBXBuildFile; fileRef = A2000000000000000000001B /* ScheduleAppState.swift */; };
		A10000000000000000000019 /* SwiftDataScheduleRepositoryTests.swift in Sources */ = {isa = PBXBuildFile; fileRef = A2000000000000000000001C /* SwiftDataScheduleRepositoryTests.swift */; };
		A1000000000000000000001A /* SemesterDraft.swift in Sources */ = {isa = PBXBuildFile; fileRef = A2000000000000000000001D /* SemesterDraft.swift */; };
		A1000000000000000000001B /* SemesterFormView.swift in Sources */ = {isa = PBXBuildFile; fileRef = A2000000000000000000001E /* SemesterFormView.swift */; };
		A1000000000000000000001C /* AppRootView.swift in Sources */ = {isa = PBXBuildFile; fileRef = A2000000000000000000001F /* AppRootView.swift */; };
		A1000000000000000000001D /* SemesterDraftTests.swift in Sources */ = {isa = PBXBuildFile; fileRef = A20000000000000000000020 /* SemesterDraftTests.swift */; };
		A1000000000000000000001E /* SchedulePresentation.swift in Sources */ = {isa = PBXBuildFile; fileRef = A20000000000000000000021 /* SchedulePresentation.swift */; };
		A1000000000000000000001F /* CourseStyle.swift in Sources */ = {isa = PBXBuildFile; fileRef = A20000000000000000000022 /* CourseStyle.swift */; };
		A10000000000000000000020 /* TodayScheduleView.swift in Sources */ = {isa = PBXBuildFile; fileRef = A20000000000000000000023 /* TodayScheduleView.swift */; };
		A10000000000000000000021 /* WeekScheduleView.swift in Sources */ = {isa = PBXBuildFile; fileRef = A20000000000000000000024 /* WeekScheduleView.swift */; };
		A10000000000000000000022 /* SchedulePresentationTests.swift in Sources */ = {isa = PBXBuildFile; fileRef = A20000000000000000000025 /* SchedulePresentationTests.swift */; };
		A10000000000000000000023 /* CourseDraft.swift in Sources */ = {isa = PBXBuildFile; fileRef = A20000000000000000000026 /* CourseDraft.swift */; };
		A10000000000000000000024 /* CourseEditorView.swift in Sources */ = {isa = PBXBuildFile; fileRef = A20000000000000000000027 /* CourseEditorView.swift */; };
		A10000000000000000000025 /* CourseDraftTests.swift in Sources */ = {isa = PBXBuildFile; fileRef = A20000000000000000000028 /* CourseDraftTests.swift */; };
		A10000000000000000000026 /* web-export.json in Resources */ = {isa = PBXBuildFile; fileRef = A20000000000000000000029 /* web-export.json */; };
/* End PBXBuildFile section */

/* Begin PBXContainerItemProxy section */
		A30000000000000000000001 /* PBXContainerItemProxy */ = {
			isa = PBXContainerItemProxy;
			containerPortal = A00000000000000000000000 /* Project object */;
			proxyType = 1;
			remoteGlobalIDString = A00000000000000000000001;
			remoteInfo = QingKeSchedule;
		};
		A30000000000000000000002 /* PBXContainerItemProxy */ = {
			isa = PBXContainerItemProxy;
			containerPortal = A00000000000000000000000 /* Project object */;
			proxyType = 1;
			remoteGlobalIDString = A00000000000000000000001;
			remoteInfo = QingKeSchedule;
		};
/* End PBXContainerItemProxy section */

/* Begin PBXFileReference section */
		A20000000000000000000001 /* QingKeScheduleApp.swift */ = {isa = PBXFileReference; lastKnownFileType = sourcecode.swift; path = QingKeScheduleApp.swift; sourceTree = "<group>"; };
		A20000000000000000000002 /* ProjectScaffold.swift */ = {isa = PBXFileReference; lastKnownFileType = sourcecode.swift; path = ProjectScaffold.swift; sourceTree = "<group>"; };
		A20000000000000000000003 /* QingKeScheduleTests.swift */ = {isa = PBXFileReference; lastKnownFileType = sourcecode.swift; path = QingKeScheduleTests.swift; sourceTree = "<group>"; };
		A20000000000000000000004 /* QingKeScheduleUITests.swift */ = {isa = PBXFileReference; lastKnownFileType = sourcecode.swift; path = QingKeScheduleUITests.swift; sourceTree = "<group>"; };
		A20000000000000000000005 /* QingKeSchedule.app */ = {isa = PBXFileReference; explicitFileType = wrapper.application; includeInIndex = 0; path = QingKeSchedule.app; sourceTree = BUILT_PRODUCTS_DIR; };
		A20000000000000000000006 /* QingKeScheduleTests.xctest */ = {isa = PBXFileReference; explicitFileType = wrapper.cfbundle; includeInIndex = 0; path = QingKeScheduleTests.xctest; sourceTree = BUILT_PRODUCTS_DIR; };
		A20000000000000000000007 /* QingKeScheduleUITests.xctest */ = {isa = PBXFileReference; explicitFileType = wrapper.cfbundle; includeInIndex = 0; path = QingKeScheduleUITests.xctest; sourceTree = BUILT_PRODUCTS_DIR; };
		A20000000000000000000008 /* ScheduleDTOs.swift */ = {isa = PBXFileReference; lastKnownFileType = sourcecode.swift; path = ScheduleDTOs.swift; sourceTree = "<group>"; };
		A20000000000000000000009 /* ScheduleRules.swift */ = {isa = PBXFileReference; lastKnownFileType = sourcecode.swift; path = ScheduleRules.swift; sourceTree = "<group>"; };
		A2000000000000000000000A /* ScheduleValidation.swift */ = {isa = PBXFileReference; lastKnownFileType = sourcecode.swift; path = ScheduleValidation.swift; sourceTree = "<group>"; };
		A2000000000000000000000B /* SharedFixtureTests.swift */ = {isa = PBXFileReference; lastKnownFileType = sourcecode.swift; path = SharedFixtureTests.swift; sourceTree = "<group>"; };
		A2000000000000000000000C /* ScheduleRulesTests.swift */ = {isa = PBXFileReference; lastKnownFileType = sourcecode.swift; path = ScheduleRulesTests.swift; sourceTree = "<group>"; };
		A2000000000000000000000D /* schedule-data.schema.json */ = {isa = PBXFileReference; lastKnownFileType = text.json; path = "schedule-data.schema.json"; sourceTree = "<group>"; };
		A2000000000000000000000E /* manifest.json */ = {isa = PBXFileReference; lastKnownFileType = text.json; path = manifest.json; sourceTree = "<group>"; };
		A2000000000000000000000F /* complete-schedule.json */ = {isa = PBXFileReference; lastKnownFileType = text.json; path = "complete-schedule.json"; sourceTree = "<group>"; };
		A20000000000000000000010 /* empty-schedule.json */ = {isa = PBXFileReference; lastKnownFileType = text.json; path = "empty-schedule.json"; sourceTree = "<group>"; };
		A20000000000000000000011 /* invalid-date.json */ = {isa = PBXFileReference; lastKnownFileType = text.json; path = "invalid-date.json"; sourceTree = "<group>"; };
		A20000000000000000000012 /* invalid-enum.json */ = {isa = PBXFileReference; lastKnownFileType = text.json; path = "invalid-enum.json"; sourceTree = "<group>"; };
		A20000000000000000000013 /* invalid-period-overlap.json */ = {isa = PBXFileReference; lastKnownFileType = text.json; path = "invalid-period-overlap.json"; sourceTree = "<group>"; };
		A20000000000000000000014 /* invalid-week-range.json */ = {isa = PBXFileReference; lastKnownFileType = text.json; path = "invalid-week-range.json"; sourceTree = "<group>"; };
		A20000000000000000000015 /* missing-field.json */ = {isa = PBXFileReference; lastKnownFileType = text.json; path = "missing-field.json"; sourceTree = "<group>"; };
		A20000000000000000000016 /* unknown-version.json */ = {isa = PBXFileReference; lastKnownFileType = text.json; path = "unknown-version.json"; sourceTree = "<group>"; };
		A20000000000000000000017 /* missing-semester.json */ = {isa = PBXFileReference; lastKnownFileType = text.json; path = "missing-semester.json"; sourceTree = "<group>"; };
		A20000000000000000000018 /* ScheduleModels.swift */ = {isa = PBXFileReference; lastKnownFileType = sourcecode.swift; path = ScheduleModels.swift; sourceTree = "<group>"; };
		A20000000000000000000019 /* ScheduleRepository.swift */ = {isa = PBXFileReference; lastKnownFileType = sourcecode.swift; path = ScheduleRepository.swift; sourceTree = "<group>"; };
		A2000000000000000000001A /* SwiftDataScheduleRepository.swift */ = {isa = PBXFileReference; lastKnownFileType = sourcecode.swift; path = SwiftDataScheduleRepository.swift; sourceTree = "<group>"; };
		A2000000000000000000001B /* ScheduleAppState.swift */ = {isa = PBXFileReference; lastKnownFileType = sourcecode.swift; path = ScheduleAppState.swift; sourceTree = "<group>"; };
		A2000000000000000000001C /* SwiftDataScheduleRepositoryTests.swift */ = {isa = PBXFileReference; lastKnownFileType = sourcecode.swift; path = SwiftDataScheduleRepositoryTests.swift; sourceTree = "<group>"; };
		A2000000000000000000001D /* SemesterDraft.swift */ = {isa = PBXFileReference; lastKnownFileType = sourcecode.swift; path = SemesterDraft.swift; sourceTree = "<group>"; };
		A2000000000000000000001E /* SemesterFormView.swift */ = {isa = PBXFileReference; lastKnownFileType = sourcecode.swift; path = SemesterFormView.swift; sourceTree = "<group>"; };
		A2000000000000000000001F /* AppRootView.swift */ = {isa = PBXFileReference; lastKnownFileType = sourcecode.swift; path = AppRootView.swift; sourceTree = "<group>"; };
		A20000000000000000000020 /* SemesterDraftTests.swift */ = {isa = PBXFileReference; lastKnownFileType = sourcecode.swift; path = SemesterDraftTests.swift; sourceTree = "<group>"; };
		A20000000000000000000021 /* SchedulePresentation.swift */ = {isa = PBXFileReference; lastKnownFileType = sourcecode.swift; path = SchedulePresentation.swift; sourceTree = "<group>"; };
		A20000000000000000000022 /* CourseStyle.swift */ = {isa = PBXFileReference; lastKnownFileType = sourcecode.swift; path = CourseStyle.swift; sourceTree = "<group>"; };
		A20000000000000000000023 /* TodayScheduleView.swift */ = {isa = PBXFileReference; lastKnownFileType = sourcecode.swift; path = TodayScheduleView.swift; sourceTree = "<group>"; };
		A20000000000000000000024 /* WeekScheduleView.swift */ = {isa = PBXFileReference; lastKnownFileType = sourcecode.swift; path = WeekScheduleView.swift; sourceTree = "<group>"; };
		A20000000000000000000025 /* SchedulePresentationTests.swift */ = {isa = PBXFileReference; lastKnownFileType = sourcecode.swift; path = SchedulePresentationTests.swift; sourceTree = "<group>"; };
		A20000000000000000000026 /* CourseDraft.swift */ = {isa = PBXFileReference; lastKnownFileType = sourcecode.swift; path = CourseDraft.swift; sourceTree = "<group>"; };
		A20000000000000000000027 /* CourseEditorView.swift */ = {isa = PBXFileReference; lastKnownFileType = sourcecode.swift; path = CourseEditorView.swift; sourceTree = "<group>"; };
		A20000000000000000000028 /* CourseDraftTests.swift */ = {isa = PBXFileReference; lastKnownFileType = sourcecode.swift; path = CourseDraftTests.swift; sourceTree = "<group>"; };
		A20000000000000000000029 /* web-export.json */ = {isa = PBXFileReference; lastKnownFileType = text.json; path = "web-export.json"; sourceTree = "<group>"; };
/* End PBXFileReference section */

/* Begin PBXFrameworksBuildPhase section */
		A40000000000000000000001 /* Frameworks */ = {
			isa = PBXFrameworksBuildPhase;
			buildActionMask = 2147483647;
			files = (
			);
			runOnlyForDeploymentPostprocessing = 0;
		};
		A40000000000000000000002 /* Frameworks */ = {
			isa = PBXFrameworksBuildPhase;
			buildActionMask = 2147483647;
			files = (
			);
			runOnlyForDeploymentPostprocessing = 0;
		};
		A40000000000000000000003 /* Frameworks */ = {
			isa = PBXFrameworksBuildPhase;
			buildActionMask = 2147483647;
			files = (
			);
			runOnlyForDeploymentPostprocessing = 0;
		};
/* End PBXFrameworksBuildPhase section */

/* Begin PBXGroup section */
		A50000000000000000000000 = {
			isa = PBXGroup;
			children = (
				A50000000000000000000001 /* QingKeSchedule */,
				A50000000000000000000003 /* QingKeScheduleTests */,
				A50000000000000000000004 /* QingKeScheduleUITests */,
				A50000000000000000000007 /* Shared */,
				A50000000000000000000005 /* Products */,
			);
			sourceTree = "<group>";
		};
		A50000000000000000000001 /* QingKeSchedule */ = {
			isa = PBXGroup;
			children = (
				A50000000000000000000002 /* App */,
				A50000000000000000000006 /* Domain */,
				A5000000000000000000000B /* Persistence */,
				A5000000000000000000000C /* State */,
				A5000000000000000000000D /* Features */,
			);
			path = QingKeSchedule;
			sourceTree = "<group>";
		};
		A50000000000000000000002 /* App */ = {
			isa = PBXGroup;
			children = (
				A20000000000000000000002 /* ProjectScaffold.swift */,
				A20000000000000000000001 /* QingKeScheduleApp.swift */,
			);
			path = App;
			sourceTree = "<group>";
		};
		A50000000000000000000003 /* QingKeScheduleTests */ = {
			isa = PBXGroup;
			children = (
				A20000000000000000000003 /* QingKeScheduleTests.swift */,
				A2000000000000000000000B /* SharedFixtureTests.swift */,
				A2000000000000000000000C /* ScheduleRulesTests.swift */,
				A2000000000000000000001C /* SwiftDataScheduleRepositoryTests.swift */,
				A20000000000000000000020 /* SemesterDraftTests.swift */,
				A20000000000000000000025 /* SchedulePresentationTests.swift */,
				A20000000000000000000028 /* CourseDraftTests.swift */,
			);
			path = QingKeScheduleTests;
			sourceTree = "<group>";
		};
		A50000000000000000000004 /* QingKeScheduleUITests */ = {
			isa = PBXGroup;
			children = (
				A20000000000000000000004 /* QingKeScheduleUITests.swift */,
			);
			path = QingKeScheduleUITests;
			sourceTree = "<group>";
		};
		A50000000000000000000005 /* Products */ = {
			isa = PBXGroup;
			children = (
				A20000000000000000000005 /* QingKeSchedule.app */,
				A20000000000000000000006 /* QingKeScheduleTests.xctest */,
				A20000000000000000000007 /* QingKeScheduleUITests.xctest */,
			);
			name = Products;
			sourceTree = "<group>";
		};
		A50000000000000000000006 /* Domain */ = {
			isa = PBXGroup;
			children = (
				A20000000000000000000008 /* ScheduleDTOs.swift */,
				A20000000000000000000009 /* ScheduleRules.swift */,
				A2000000000000000000000A /* ScheduleValidation.swift */,
			);
			path = Domain;
			sourceTree = "<group>";
		};
		A50000000000000000000007 /* Shared */ = {
			isa = PBXGroup;
			children = (
				A2000000000000000000000D /* schedule-data.schema.json */,
				A50000000000000000000008 /* fixtures */,
			);
			name = Shared;
			path = ../shared;
			sourceTree = "<group>";
		};
		A50000000000000000000008 /* fixtures */ = {
			isa = PBXGroup;
			children = (
				A2000000000000000000000E /* manifest.json */,
				A50000000000000000000009 /* valid */,
				A5000000000000000000000A /* invalid */,
			);
			path = fixtures;
			sourceTree = "<group>";
		};
		A50000000000000000000009 /* valid */ = {
			isa = PBXGroup;
			children = (
				A2000000000000000000000F /* complete-schedule.json */,
				A20000000000000000000010 /* empty-schedule.json */,
				A20000000000000000000029 /* web-export.json */,
			);
			path = valid;
			sourceTree = "<group>";
		};
		A5000000000000000000000A /* invalid */ = {
			isa = PBXGroup;
			children = (
				A20000000000000000000011 /* invalid-date.json */,
				A20000000000000000000012 /* invalid-enum.json */,
				A20000000000000000000013 /* invalid-period-overlap.json */,
				A20000000000000000000014 /* invalid-week-range.json */,
				A20000000000000000000015 /* missing-field.json */,
				A20000000000000000000017 /* missing-semester.json */,
				A20000000000000000000016 /* unknown-version.json */,
			);
			path = invalid;
			sourceTree = "<group>";
		};
		A5000000000000000000000B /* Persistence */ = {
			isa = PBXGroup;
			children = (
				A20000000000000000000018 /* ScheduleModels.swift */,
				A20000000000000000000019 /* ScheduleRepository.swift */,
				A2000000000000000000001A /* SwiftDataScheduleRepository.swift */,
			);
			path = Persistence;
			sourceTree = "<group>";
		};
		A5000000000000000000000C /* State */ = {
			isa = PBXGroup;
			children = (
				A2000000000000000000001B /* ScheduleAppState.swift */,
			);
			path = State;
			sourceTree = "<group>";
		};
		A5000000000000000000000D /* Features */ = {
			isa = PBXGroup;
			children = (
				A2000000000000000000001F /* AppRootView.swift */,
				A2000000000000000000001D /* SemesterDraft.swift */,
				A2000000000000000000001E /* SemesterFormView.swift */,
				A20000000000000000000022 /* CourseStyle.swift */,
				A20000000000000000000021 /* SchedulePresentation.swift */,
				A20000000000000000000023 /* TodayScheduleView.swift */,
				A20000000000000000000024 /* WeekScheduleView.swift */,
				A20000000000000000000026 /* CourseDraft.swift */,
				A20000000000000000000027 /* CourseEditorView.swift */,
			);
			path = Features;
			sourceTree = "<group>";
		};
/* End PBXGroup section */

/* Begin PBXNativeTarget section */
		A00000000000000000000001 /* QingKeSchedule */ = {
			isa = PBXNativeTarget;
			buildConfigurationList = A60000000000000000000001 /* Build configuration list for PBXNativeTarget "QingKeSchedule" */;
			buildPhases = (
				A70000000000000000000001 /* Sources */,
				A40000000000000000000001 /* Frameworks */,
				A80000000000000000000001 /* Resources */,
			);
			buildRules = (
			);
			dependencies = (
			);
			name = QingKeSchedule;
			productName = QingKeSchedule;
			productReference = A20000000000000000000005 /* QingKeSchedule.app */;
			productType = "com.apple.product-type.application";
		};
		A00000000000000000000002 /* QingKeScheduleTests */ = {
			isa = PBXNativeTarget;
			buildConfigurationList = A60000000000000000000002 /* Build configuration list for PBXNativeTarget "QingKeScheduleTests" */;
			buildPhases = (
				A70000000000000000000002 /* Sources */,
				A40000000000000000000002 /* Frameworks */,
				A80000000000000000000002 /* Resources */,
			);
			buildRules = (
			);
			dependencies = (
				A90000000000000000000001 /* PBXTargetDependency */,
			);
			name = QingKeScheduleTests;
			productName = QingKeScheduleTests;
			productReference = A20000000000000000000006 /* QingKeScheduleTests.xctest */;
			productType = "com.apple.product-type.bundle.unit-test";
		};
		A00000000000000000000003 /* QingKeScheduleUITests */ = {
			isa = PBXNativeTarget;
			buildConfigurationList = A60000000000000000000003 /* Build configuration list for PBXNativeTarget "QingKeScheduleUITests" */;
			buildPhases = (
				A70000000000000000000003 /* Sources */,
				A40000000000000000000003 /* Frameworks */,
				A80000000000000000000003 /* Resources */,
			);
			buildRules = (
			);
			dependencies = (
				A90000000000000000000002 /* PBXTargetDependency */,
			);
			name = QingKeScheduleUITests;
			productName = QingKeScheduleUITests;
			productReference = A20000000000000000000007 /* QingKeScheduleUITests.xctest */;
			productType = "com.apple.product-type.bundle.ui-testing";
		};
/* End PBXNativeTarget section */

/* Begin PBXProject section */
		A00000000000000000000000 /* Project object */ = {
			isa = PBXProject;
			attributes = {
				BuildIndependentTargetsInParallel = 1;
				LastSwiftUpdateCheck = 2660;
				LastUpgradeCheck = 2660;
				TargetAttributes = {
					A00000000000000000000001 = {
						CreatedOnToolsVersion = 26.6;
					};
					A00000000000000000000002 = {
						CreatedOnToolsVersion = 26.6;
						TestTargetID = A00000000000000000000001;
					};
					A00000000000000000000003 = {
						CreatedOnToolsVersion = 26.6;
						TestTargetID = A00000000000000000000001;
					};
				};
			};
			buildConfigurationList = A60000000000000000000000 /* Build configuration list for PBXProject "QingKeSchedule" */;
			compatibilityVersion = "Xcode 14.0";
			developmentRegion = en;
			hasScannedForEncodings = 0;
			knownRegions = (
				en,
				Base,
			);
			mainGroup = A50000000000000000000000;
			productRefGroup = A50000000000000000000005 /* Products */;
			projectDirPath = "";
			projectRoot = "";
			targets = (
				A00000000000000000000001 /* QingKeSchedule */,
				A00000000000000000000002 /* QingKeScheduleTests */,
				A00000000000000000000003 /* QingKeScheduleUITests */,
			);
		};
/* End PBXProject section */

/* Begin PBXResourcesBuildPhase section */
		A80000000000000000000001 /* Resources */ = {
			isa = PBXResourcesBuildPhase;
			buildActionMask = 2147483647;
			files = (
			);
			runOnlyForDeploymentPostprocessing = 0;
		};
		A80000000000000000000002 /* Resources */ = {
			isa = PBXResourcesBuildPhase;
			buildActionMask = 2147483647;
			files = (
				A1000000000000000000000A /* schedule-data.schema.json in Resources */,
				A1000000000000000000000B /* manifest.json in Resources */,
				A1000000000000000000000C /* complete-schedule.json in Resources */,
				A1000000000000000000000D /* empty-schedule.json in Resources */,
				A10000000000000000000026 /* web-export.json in Resources */,
				A1000000000000000000000E /* invalid-date.json in Resources */,
				A1000000000000000000000F /* invalid-enum.json in Resources */,
				A10000000000000000000010 /* invalid-period-overlap.json in Resources */,
				A10000000000000000000011 /* invalid-week-range.json in Resources */,
				A10000000000000000000012 /* missing-field.json in Resources */,
				A10000000000000000000014 /* missing-semester.json in Resources */,
				A10000000000000000000013 /* unknown-version.json in Resources */,
			);
			runOnlyForDeploymentPostprocessing = 0;
		};
		A80000000000000000000003 /* Resources */ = {
			isa = PBXResourcesBuildPhase;
			buildActionMask = 2147483647;
			files = (
			);
			runOnlyForDeploymentPostprocessing = 0;
		};
/* End PBXResourcesBuildPhase section */

/* Begin PBXSourcesBuildPhase section */
		A70000000000000000000001 /* Sources */ = {
			isa = PBXSourcesBuildPhase;
			buildActionMask = 2147483647;
			files = (
				A10000000000000000000002 /* ProjectScaffold.swift in Sources */,
				A10000000000000000000001 /* QingKeScheduleApp.swift in Sources */,
				A10000000000000000000005 /* ScheduleDTOs.swift in Sources */,
				A10000000000000000000006 /* ScheduleRules.swift in Sources */,
				A10000000000000000000007 /* ScheduleValidation.swift in Sources */,
				A10000000000000000000015 /* ScheduleModels.swift in Sources */,
				A10000000000000000000016 /* ScheduleRepository.swift in Sources */,
				A10000000000000000000017 /* SwiftDataScheduleRepository.swift in Sources */,
				A10000000000000000000018 /* ScheduleAppState.swift in Sources */,
				A1000000000000000000001A /* SemesterDraft.swift in Sources */,
				A1000000000000000000001B /* SemesterFormView.swift in Sources */,
				A1000000000000000000001C /* AppRootView.swift in Sources */,
				A1000000000000000000001E /* SchedulePresentation.swift in Sources */,
				A1000000000000000000001F /* CourseStyle.swift in Sources */,
				A10000000000000000000020 /* TodayScheduleView.swift in Sources */,
				A10000000000000000000021 /* WeekScheduleView.swift in Sources */,
				A10000000000000000000023 /* CourseDraft.swift in Sources */,
				A10000000000000000000024 /* CourseEditorView.swift in Sources */,
			);
			runOnlyForDeploymentPostprocessing = 0;
		};
		A70000000000000000000002 /* Sources */ = {
			isa = PBXSourcesBuildPhase;
			buildActionMask = 2147483647;
			files = (
				A10000000000000000000003 /* QingKeScheduleTests.swift in Sources */,
				A10000000000000000000008 /* SharedFixtureTests.swift in Sources */,
				A10000000000000000000009 /* ScheduleRulesTests.swift in Sources */,
				A10000000000000000000019 /* SwiftDataScheduleRepositoryTests.swift in Sources */,
				A1000000000000000000001D /* SemesterDraftTests.swift in Sources */,
				A10000000000000000000022 /* SchedulePresentationTests.swift in Sources */,
				A10000000000000000000025 /* CourseDraftTests.swift in Sources */,
			);
			runOnlyForDeploymentPostprocessing = 0;
		};
		A70000000000000000000003 /* Sources */ = {
			isa = PBXSourcesBuildPhase;
			buildActionMask = 2147483647;
			files = (
				A10000000000000000000004 /* QingKeScheduleUITests.swift in Sources */,
			);
			runOnlyForDeploymentPostprocessing = 0;
		};
/* End PBXSourcesBuildPhase section */

/* Begin PBXTargetDependency section */
		A90000000000000000000001 /* PBXTargetDependency */ = {
			isa = PBXTargetDependency;
			target = A00000000000000000000001 /* QingKeSchedule */;
			targetProxy = A30000000000000000000001 /* PBXContainerItemProxy */;
		};
		A90000000000000000000002 /* PBXTargetDependency */ = {
			isa = PBXTargetDependency;
			target = A00000000000000000000001 /* QingKeSchedule */;
			targetProxy = A30000000000000000000002 /* PBXContainerItemProxy */;
		};
/* End PBXTargetDependency section */

/* Begin XCBuildConfiguration section */
		B00000000000000000000001 /* Debug */ = {
			isa = XCBuildConfiguration;
			buildSettings = {
				ALWAYS_SEARCH_USER_PATHS = NO;
				CLANG_ANALYZER_NONNULL = YES;
				CLANG_ANALYZER_NUMBER_OBJECT_CONVERSION = YES_AGGRESSIVE;
				CLANG_CXX_LANGUAGE_STANDARD = "gnu++20";
				CLANG_ENABLE_MODULES = YES;
				CLANG_ENABLE_OBJC_ARC = YES;
				CLANG_ENABLE_OBJC_WEAK = YES;
				COPY_PHASE_STRIP = NO;
				DEBUG_INFORMATION_FORMAT = dwarf;
				ENABLE_STRICT_OBJC_MSGSEND = YES;
				ENABLE_TESTABILITY = YES;
				GCC_C_LANGUAGE_STANDARD = gnu17;
				GCC_NO_COMMON_BLOCKS = YES;
				GCC_OPTIMIZATION_LEVEL = 0;
				GCC_PREPROCESSOR_DEFINITIONS = (
					"DEBUG=1",
					"$(inherited)",
				);
				IPHONEOS_DEPLOYMENT_TARGET = 17.0;
				MTL_ENABLE_DEBUG_INFO = INCLUDE_SOURCE;
				MTL_FAST_MATH = YES;
				ONLY_ACTIVE_ARCH = YES;
				SDKROOT = iphoneos;
				SWIFT_ACTIVE_COMPILATION_CONDITIONS = "DEBUG $(inherited)";
				SWIFT_OPTIMIZATION_LEVEL = "-Onone";
			};
			name = Debug;
		};
		B00000000000000000000002 /* Release */ = {
			isa = XCBuildConfiguration;
			buildSettings = {
				ALWAYS_SEARCH_USER_PATHS = NO;
				CLANG_ANALYZER_NONNULL = YES;
				CLANG_ANALYZER_NUMBER_OBJECT_CONVERSION = YES_AGGRESSIVE;
				CLANG_CXX_LANGUAGE_STANDARD = "gnu++20";
				CLANG_ENABLE_MODULES = YES;
				CLANG_ENABLE_OBJC_ARC = YES;
				CLANG_ENABLE_OBJC_WEAK = YES;
				COPY_PHASE_STRIP = NO;
				DEBUG_INFORMATION_FORMAT = "dwarf-with-dsym";
				ENABLE_NS_ASSERTIONS = NO;
				ENABLE_STRICT_OBJC_MSGSEND = YES;
				GCC_C_LANGUAGE_STANDARD = gnu17;
				GCC_NO_COMMON_BLOCKS = YES;
				MTL_ENABLE_DEBUG_INFO = NO;
				MTL_FAST_MATH = YES;
				SDKROOT = iphoneos;
				SWIFT_COMPILATION_MODE = wholemodule;
				VALIDATE_PRODUCT = YES;
			};
			name = Release;
		};
		B00000000000000000000003 /* Debug */ = {
			isa = XCBuildConfiguration;
			buildSettings = {
				CODE_SIGN_STYLE = Automatic;
				CURRENT_PROJECT_VERSION = 1;
				ENABLE_PREVIEWS = YES;
				GENERATE_INFOPLIST_FILE = YES;
				INFOPLIST_KEY_CFBundleDisplayName = "青课";
				INFOPLIST_KEY_LSApplicationCategoryType = "public.app-category.education";
				INFOPLIST_KEY_UIApplicationSceneManifest_Generation = YES;
				INFOPLIST_KEY_UIApplicationSupportsIndirectInputEvents = YES;
				INFOPLIST_KEY_UILaunchScreen_Generation = YES;
				LD_RUNPATH_SEARCH_PATHS = (
					"$(inherited)",
					"@executable_path/Frameworks",
				);
				MARKETING_VERSION = 0.1.0;
				PRODUCT_BUNDLE_IDENTIFIER = com.example.QingKeSchedule;
				PRODUCT_NAME = "$(TARGET_NAME)";
				SWIFT_EMIT_LOC_STRINGS = YES;
				SWIFT_VERSION = 5.0;
				TARGETED_DEVICE_FAMILY = 1;
			};
			name = Debug;
		};
		B00000000000000000000004 /* Release */ = {
			isa = XCBuildConfiguration;
			buildSettings = {
				CODE_SIGN_STYLE = Automatic;
				CURRENT_PROJECT_VERSION = 1;
				ENABLE_PREVIEWS = YES;
				GENERATE_INFOPLIST_FILE = YES;
				INFOPLIST_KEY_CFBundleDisplayName = "青课";
				INFOPLIST_KEY_LSApplicationCategoryType = "public.app-category.education";
				INFOPLIST_KEY_UIApplicationSceneManifest_Generation = YES;
				INFOPLIST_KEY_UIApplicationSupportsIndirectInputEvents = YES;
				INFOPLIST_KEY_UILaunchScreen_Generation = YES;
				LD_RUNPATH_SEARCH_PATHS = (
					"$(inherited)",
					"@executable_path/Frameworks",
				);
				MARKETING_VERSION = 0.1.0;
				PRODUCT_BUNDLE_IDENTIFIER = com.example.QingKeSchedule;
				PRODUCT_NAME = "$(TARGET_NAME)";
				SWIFT_EMIT_LOC_STRINGS = YES;
				SWIFT_VERSION = 5.0;
				TARGETED_DEVICE_FAMILY = 1;
			};
			name = Release;
		};
		B00000000000000000000005 /* Debug */ = {
			isa = XCBuildConfiguration;
			buildSettings = {
				BUNDLE_LOADER = "$(TEST_HOST)";
				CODE_SIGN_STYLE = Automatic;
				GENERATE_INFOPLIST_FILE = YES;
				IPHONEOS_DEPLOYMENT_TARGET = 17.0;
				LD_RUNPATH_SEARCH_PATHS = (
					"$(inherited)",
					"@executable_path/Frameworks",
					"@loader_path/Frameworks",
				);
				PRODUCT_BUNDLE_IDENTIFIER = com.example.QingKeScheduleTests;
				PRODUCT_NAME = "$(TARGET_NAME)";
				SWIFT_VERSION = 5.0;
				TARGETED_DEVICE_FAMILY = 1;
				TEST_HOST = "$(BUILT_PRODUCTS_DIR)/QingKeSchedule.app/$(BUNDLE_EXECUTABLE_FOLDER_PATH)/QingKeSchedule";
			};
			name = Debug;
		};
		B00000000000000000000006 /* Release */ = {
			isa = XCBuildConfiguration;
			buildSettings = {
				BUNDLE_LOADER = "$(TEST_HOST)";
				CODE_SIGN_STYLE = Automatic;
				GENERATE_INFOPLIST_FILE = YES;
				IPHONEOS_DEPLOYMENT_TARGET = 17.0;
				LD_RUNPATH_SEARCH_PATHS = (
					"$(inherited)",
					"@executable_path/Frameworks",
					"@loader_path/Frameworks",
				);
				PRODUCT_BUNDLE_IDENTIFIER = com.example.QingKeScheduleTests;
				PRODUCT_NAME = "$(TARGET_NAME)";
				SWIFT_VERSION = 5.0;
				TARGETED_DEVICE_FAMILY = 1;
				TEST_HOST = "$(BUILT_PRODUCTS_DIR)/QingKeSchedule.app/$(BUNDLE_EXECUTABLE_FOLDER_PATH)/QingKeSchedule";
			};
			name = Release;
		};
		B00000000000000000000007 /* Debug */ = {
			isa = XCBuildConfiguration;
			buildSettings = {
				CODE_SIGN_STYLE = Automatic;
				GENERATE_INFOPLIST_FILE = YES;
				IPHONEOS_DEPLOYMENT_TARGET = 17.0;
				LD_RUNPATH_SEARCH_PATHS = (
					"$(inherited)",
					"@executable_path/Frameworks",
					"@loader_path/Frameworks",
				);
				PRODUCT_BUNDLE_IDENTIFIER = com.example.QingKeScheduleUITests;
				PRODUCT_NAME = "$(TARGET_NAME)";
				SWIFT_VERSION = 5.0;
				TARGETED_DEVICE_FAMILY = 1;
				TEST_TARGET_NAME = QingKeSchedule;
			};
			name = Debug;
		};
		B00000000000000000000008 /* Release */ = {
			isa = XCBuildConfiguration;
			buildSettings = {
				CODE_SIGN_STYLE = Automatic;
				GENERATE_INFOPLIST_FILE = YES;
				IPHONEOS_DEPLOYMENT_TARGET = 17.0;
				LD_RUNPATH_SEARCH_PATHS = (
					"$(inherited)",
					"@executable_path/Frameworks",
					"@loader_path/Frameworks",
				);
				PRODUCT_BUNDLE_IDENTIFIER = com.example.QingKeScheduleUITests;
				PRODUCT_NAME = "$(TARGET_NAME)";
				SWIFT_VERSION = 5.0;
				TARGETED_DEVICE_FAMILY = 1;
				TEST_TARGET_NAME = QingKeSchedule;
			};
			name = Release;
		};
/* End XCBuildConfiguration section */

/* Begin XCConfigurationList section */
		A60000000000000000000000 /* Build configuration list for PBXProject "QingKeSchedule" */ = {
			isa = XCConfigurationList;
			buildConfigurations = (
				B00000000000000000000001 /* Debug */,
				B00000000000000000000002 /* Release */,
			);
			defaultConfigurationIsVisible = 0;
			defaultConfigurationName = Release;
		};
		A60000000000000000000001 /* Build configuration list for PBXNativeTarget "QingKeSchedule" */ = {
			isa = XCConfigurationList;
			buildConfigurations = (
				B00000000000000000000003 /* Debug */,
				B00000000000000000000004 /* Release */,
			);
			defaultConfigurationIsVisible = 0;
			defaultConfigurationName = Release;
		};
		A60000000000000000000002 /* Build configuration list for PBXNativeTarget "QingKeScheduleTests" */ = {
			isa = XCConfigurationList;
			buildConfigurations = (
				B00000000000000000000005 /* Debug */,
				B00000000000000000000006 /* Release */,
			);
			defaultConfigurationIsVisible = 0;
			defaultConfigurationName = Release;
		};
		A60000000000000000000003 /* Build configuration list for PBXNativeTarget "QingKeScheduleUITests" */ = {
			isa = XCConfigurationList;
			buildConfigurations = (
				B00000000000000000000007 /* Debug */,
				B00000000000000000000008 /* Release */,
			);
			defaultConfigurationIsVisible = 0;
			defaultConfigurationName = Release;
		};
/* End XCConfigurationList section */
	};
	rootObject = A00000000000000000000000 /* Project object */;
}
