// !$*UTF8*$!
{
	archiveVersion = 1;
	classes = {
	};
	objectVersion = 56;
	objects = {

/* Begin PBXBuildFile section */
		A10000000000000000000001 /* QingKeScheduleApp.swift in Sources */ = {isa = PBXBuildFile; fileRef = A20000000000000000000001 /* QingKeScheduleApp.swift */; };
		A10000000000000000000002 /* ProjectScaffold.swift in Sources */ = {isa = PBXBuildFile; fileRef = A20000000000000000000002 /* ProjectScaffold.swift */; };
		A10000000000000000000003 /* QingKeScheduleTests.swift in Sources */ = {isa = PBXBuildFile; fileRef = A20000000000000000000003 /* QingKeScheduleTests.swift */; };
		A10000000000000000000004 /* QingKeScheduleUITests.swift in Sources */ = {isa = PBXBuildFile; fileRef = A20000000000000000000004 /* QingKeScheduleUITests.swift */; };
/* End PBXBuildFile section */

/* Begin PBXContainerItemProxy section */
		A30000000000000000000001 /* PBXContainerItemProxy */ = {
			isa = PBXContainerItemProxy;
			containerPortal = A00000000000000000000000 /* Project object */;
			proxyType = 1;
			remoteGlobalIDString = A00000000000000000000001;
			remoteInfo = QingKeSchedule;
		};
		A30000000000000000000002 /* PBXContainerItemProxy */ = {
			isa = PBXContainerItemProxy;
			containerPortal = A00000000000000000000000 /* Project object */;
			proxyType = 1;
			remoteGlobalIDString = A00000000000000000000001;
			remoteInfo = QingKeSchedule;
		};
/* End PBXContainerItemProxy section */

/* Begin PBXFileReference section */
		A20000000000000000000001 /* QingKeScheduleApp.swift */ = {isa = PBXFileReference; lastKnownFileType = sourcecode.swift; path = QingKeScheduleApp.swift; sourceTree = "<group>"; };
		A20000000000000000000002 /* ProjectScaffold.swift */ = {isa = PBXFileReference; lastKnownFileType = sourcecode.swift; path = ProjectScaffold.swift; sourceTree = "<group>"; };
		A20000000000000000000003 /* QingKeScheduleTests.swift */ = {isa = PBXFileReference; lastKnownFileType = sourcecode.swift; path = QingKeScheduleTests.swift; sourceTree = "<group>"; };
		A20000000000000000000004 /* QingKeScheduleUITests.swift */ = {isa = PBXFileReference; lastKnownFileType = sourcecode.swift; path = QingKeScheduleUITests.swift; sourceTree = "<group>"; };
		A20000000000000000000005 /* QingKeSchedule.app */ = {isa = PBXFileReference; explicitFileType = wrapper.application; includeInIndex = 0; path = QingKeSchedule.app; sourceTree = BUILT_PRODUCTS_DIR; };
		A20000000000000000000006 /* QingKeScheduleTests.xctest */ = {isa = PBXFileReference; explicitFileType = wrapper.cfbundle; includeInIndex = 0; path = QingKeScheduleTests.xctest; sourceTree = BUILT_PRODUCTS_DIR; };
		A20000000000000000000007 /* QingKeScheduleUITests.xctest */ = {isa = PBXFileReference; explicitFileType = wrapper.cfbundle; includeInIndex = 0; path = QingKeScheduleUITests.xctest; sourceTree = BUILT_PRODUCTS_DIR; };
/* End PBXFileReference section */

/* Begin PBXFrameworksBuildPhase section */
		A40000000000000000000001 /* Frameworks */ = {
			isa = PBXFrameworksBuildPhase;
			buildActionMask = 2147483647;
			files = (
			);
			runOnlyForDeploymentPostprocessing = 0;
		};
		A40000000000000000000002 /* Frameworks */ = {
			isa = PBXFrameworksBuildPhase;
			buildActionMask = 2147483647;
			files = (
			);
			runOnlyForDeploymentPostprocessing = 0;
		};
		A40000000000000000000003 /* Frameworks */ = {
			isa = PBXFrameworksBuildPhase;
			buildActionMask = 2147483647;
			files = (
			);
			runOnlyForDeploymentPostprocessing = 0;
		};
/* End PBXFrameworksBuildPhase section */

/* Begin PBXGroup section */
		A50000000000000000000000 = {
			isa = PBXGroup;
			children = (
				A50000000000000000000001 /* QingKeSchedule */,
				A50000000000000000000003 /* QingKeScheduleTests */,
				A50000000000000000000004 /* QingKeScheduleUITests */,
				A50000000000000000000005 /* Products */,
			);
			sourceTree = "<group>";
		};
		A50000000000000000000001 /* QingKeSchedule */ = {
			isa = PBXGroup;
			children = (
				A50000000000000000000002 /* App */,
			);
			path = QingKeSchedule;
			sourceTree = "<group>";
		};
		A50000000000000000000002 /* App */ = {
			isa = PBXGroup;
			children = (
				A20000000000000000000002 /* ProjectScaffold.swift */,
				A20000000000000000000001 /* QingKeScheduleApp.swift */,
			);
			path = App;
			sourceTree = "<group>";
		};
		A50000000000000000000003 /* QingKeScheduleTests */ = {
			isa = PBXGroup;
			children = (
				A20000000000000000000003 /* QingKeScheduleTests.swift */,
			);
			path = QingKeScheduleTests;
			sourceTree = "<group>";
		};
		A50000000000000000000004 /* QingKeScheduleUITests */ = {
			isa = PBXGroup;
			children = (
				A20000000000000000000004 /* QingKeScheduleUITests.swift */,
			);
			path = QingKeScheduleUITests;
			sourceTree = "<group>";
		};
		A50000000000000000000005 /* Products */ = {
			isa = PBXGroup;
			children = (
				A20000000000000000000005 /* QingKeSchedule.app */,
				A20000000000000000000006 /* QingKeScheduleTests.xctest */,
				A20000000000000000000007 /* QingKeScheduleUITests.xctest */,
			);
			name = Products;
			sourceTree = "<group>";
		};
/* End PBXGroup section */

/* Begin PBXNativeTarget section */
		A00000000000000000000001 /* QingKeSchedule */ = {
			isa = PBXNativeTarget;
			buildConfigurationList = A60000000000000000000001 /* Build configuration list for PBXNativeTarget "QingKeSchedule" */;
			buildPhases = (
				A70000000000000000000001 /* Sources */,
				A40000000000000000000001 /* Frameworks */,
				A80000000000000000000001 /* Resources */,
			);
			buildRules = (
			);
			dependencies = (
			);
			name = QingKeSchedule;
			productName = QingKeSchedule;
			productReference = A20000000000000000000005 /* QingKeSchedule.app */;
			productType = "com.apple.product-type.application";
		};
		A00000000000000000000002 /* QingKeScheduleTests */ = {
			isa = PBXNativeTarget;
			buildConfigurationList = A60000000000000000000002 /* Build configuration list for PBXNativeTarget "QingKeScheduleTests" */;
			buildPhases = (
				A70000000000000000000002 /* Sources */,
				A40000000000000000000002 /* Frameworks */,
				A80000000000000000000002 /* Resources */,
			);
			buildRules = (
			);
			dependencies = (
				A90000000000000000000001 /* PBXTargetDependency */,
			);
			name = QingKeScheduleTests;
			productName = QingKeScheduleTests;
			productReference = A20000000000000000000006 /* QingKeScheduleTests.xctest */;
			productType = "com.apple.product-type.bundle.unit-test";
		};
		A00000000000000000000003 /* QingKeScheduleUITests */ = {
			isa = PBXNativeTarget;
			buildConfigurationList = A60000000000000000000003 /* Build configuration list for PBXNativeTarget "QingKeScheduleUITests" */;
			buildPhases = (
				A70000000000000000000003 /* Sources */,
				A40000000000000000000003 /* Frameworks */,
				A80000000000000000000003 /* Resources */,
			);
			buildRules = (
			);
			dependencies = (
				A90000000000000000000002 /* PBXTargetDependency */,
			);
			name = QingKeScheduleUITests;
			productName = QingKeScheduleUITests;
			productReference = A20000000000000000000007 /* QingKeScheduleUITests.xctest */;
			productType = "com.apple.product-type.bundle.ui-testing";
		};
/* End PBXNativeTarget section */

/* Begin PBXProject section */
		A00000000000000000000000 /* Project object */ = {
			isa = PBXProject;
			attributes = {
				BuildIndependentTargetsInParallel = 1;
				LastSwiftUpdateCheck = 2660;
				LastUpgradeCheck = 2660;
				TargetAttributes = {
					A00000000000000000000001 = {
						CreatedOnToolsVersion = 26.6;
					};
					A00000000000000000000002 = {
						CreatedOnToolsVersion = 26.6;
						TestTargetID = A00000000000000000000001;
					};
					A00000000000000000000003 = {
						CreatedOnToolsVersion = 26.6;
						TestTargetID = A00000000000000000000001;
					};
				};
			};
			buildConfigurationList = A60000000000000000000000 /* Build configuration list for PBXProject "QingKeSchedule" */;
			compatibilityVersion = "Xcode 14.0";
			developmentRegion = en;
			hasScannedForEncodings = 0;
			knownRegions = (
				en,
				Base,
			);
			mainGroup = A50000000000000000000000;
			productRefGroup = A50000000000000000000005 /* Products */;
			projectDirPath = "";
			projectRoot = "";
			targets = (
				A00000000000000000000001 /* QingKeSchedule */,
				A00000000000000000000002 /* QingKeScheduleTests */,
				A00000000000000000000003 /* QingKeScheduleUITests */,
			);
		};
/* End PBXProject section */

/* Begin PBXResourcesBuildPhase section */
		A80000000000000000000001 /* Resources */ = {
			isa = PBXResourcesBuildPhase;
			buildActionMask = 2147483647;
			files = (
			);
			runOnlyForDeploymentPostprocessing = 0;
		};
		A80000000000000000000002 /* Resources */ = {
			isa = PBXResourcesBuildPhase;
			buildActionMask = 2147483647;
			files = (
			);
			runOnlyForDeploymentPostprocessing = 0;
		};
		A80000000000000000000003 /* Resources */ = {
			isa = PBXResourcesBuildPhase;
			buildActionMask = 2147483647;
			files = (
			);
			runOnlyForDeploymentPostprocessing = 0;
		};
/* End PBXResourcesBuildPhase section */

/* Begin PBXSourcesBuildPhase section */
		A70000000000000000000001 /* Sources */ = {
			isa = PBXSourcesBuildPhase;
			buildActionMask = 2147483647;
			files = (
				A10000000000000000000002 /* ProjectScaffold.swift in Sources */,
				A10000000000000000000001 /* QingKeScheduleApp.swift in Sources */,
			);
			runOnlyForDeploymentPostprocessing = 0;
		};
		A70000000000000000000002 /* Sources */ = {
			isa = PBXSourcesBuildPhase;
			buildActionMask = 2147483647;
			files = (
				A10000000000000000000003 /* QingKeScheduleTests.swift in Sources */,
			);
			runOnlyForDeploymentPostprocessing = 0;
		};
		A70000000000000000000003 /* Sources */ = {
			isa = PBXSourcesBuildPhase;
			buildActionMask = 2147483647;
			files = (
				A10000000000000000000004 /* QingKeScheduleUITests.swift in Sources */,
			);
			runOnlyForDeploymentPostprocessing = 0;
		};
/* End PBXSourcesBuildPhase section */

/* Begin PBXTargetDependency section */
		A90000000000000000000001 /* PBXTargetDependency */ = {
			isa = PBXTargetDependency;
			target = A00000000000000000000001 /* QingKeSchedule */;
			targetProxy = A30000000000000000000001 /* PBXContainerItemProxy */;
		};
		A90000000000000000000002 /* PBXTargetDependency */ = {
			isa = PBXTargetDependency;
			target = A00000000000000000000001 /* QingKeSchedule */;
			targetProxy = A30000000000000000000002 /* PBXContainerItemProxy */;
		};
/* End PBXTargetDependency section */

/* Begin XCBuildConfiguration section */
		B00000000000000000000001 /* Debug */ = {
			isa = XCBuildConfiguration;
			buildSettings = {
				ALWAYS_SEARCH_USER_PATHS = NO;
				CLANG_ANALYZER_NONNULL = YES;
				CLANG_ANALYZER_NUMBER_OBJECT_CONVERSION = YES_AGGRESSIVE;
				CLANG_CXX_LANGUAGE_STANDARD = "gnu++20";
				CLANG_ENABLE_MODULES = YES;
				CLANG_ENABLE_OBJC_ARC = YES;
				CLANG_ENABLE_OBJC_WEAK = YES;
				COPY_PHASE_STRIP = NO;
				DEBUG_INFORMATION_FORMAT = dwarf;
				ENABLE_STRICT_OBJC_MSGSEND = YES;
				ENABLE_TESTABILITY = YES;
				GCC_C_LANGUAGE_STANDARD = gnu17;
				GCC_NO_COMMON_BLOCKS = YES;
				GCC_OPTIMIZATION_LEVEL = 0;
				GCC_PREPROCESSOR_DEFINITIONS = (
					"DEBUG=1",
					"$(inherited)",
				);
				IPHONEOS_DEPLOYMENT_TARGET = 17.0;
				MTL_ENABLE_DEBUG_INFO = INCLUDE_SOURCE;
				MTL_FAST_MATH = YES;
				ONLY_ACTIVE_ARCH = YES;
				SDKROOT = iphoneos;
				SWIFT_ACTIVE_COMPILATION_CONDITIONS = "DEBUG $(inherited)";
				SWIFT_OPTIMIZATION_LEVEL = "-Onone";
			};
			name = Debug;
		};
		B00000000000000000000002 /* Release */ = {
			isa = XCBuildConfiguration;
			buildSettings = {
				ALWAYS_SEARCH_USER_PATHS = NO;
				CLANG_ANALYZER_NONNULL = YES;
				CLANG_ANALYZER_NUMBER_OBJECT_CONVERSION = YES_AGGRESSIVE;
				CLANG_CXX_LANGUAGE_STANDARD = "gnu++20";
				CLANG_ENABLE_MODULES = YES;
				CLANG_ENABLE_OBJC_ARC = YES;
				CLANG_ENABLE_OBJC_WEAK = YES;
				COPY_PHASE_STRIP = NO;
				DEBUG_INFORMATION_FORMAT = "dwarf-with-dsym";
				ENABLE_NS_ASSERTIONS = NO;
				ENABLE_STRICT_OBJC_MSGSEND = YES;
				GCC_C_LANGUAGE_STANDARD = gnu17;
				GCC_NO_COMMON_BLOCKS = YES;
				MTL_ENABLE_DEBUG_INFO = NO;
				MTL_FAST_MATH = YES;
				SDKROOT = iphoneos;
				SWIFT_COMPILATION_MODE = wholemodule;
				VALIDATE_PRODUCT = YES;
			};
			name = Release;
		};
		B00000000000000000000003 /* Debug */ = {
			isa = XCBuildConfiguration;
			buildSettings = {
				CODE_SIGN_STYLE = Automatic;
				CURRENT_PROJECT_VERSION = 1;
				ENABLE_PREVIEWS = YES;
				GENERATE_INFOPLIST_FILE = YES;
				INFOPLIST_KEY_CFBundleDisplayName = "青课";
				INFOPLIST_KEY_LSApplicationCategoryType = "public.app-category.education";
				INFOPLIST_KEY_UIApplicationSceneManifest_Generation = YES;
				INFOPLIST_KEY_UIApplicationSupportsIndirectInputEvents = YES;
				INFOPLIST_KEY_UILaunchScreen_Generation = YES;
				LD_RUNPATH_SEARCH_PATHS = (
					"$(inherited)",
					"@executable_path/Frameworks",
				);
				MARKETING_VERSION = 0.1.0;
				PRODUCT_BUNDLE_IDENTIFIER = com.example.QingKeSchedule;
				PRODUCT_NAME = "$(TARGET_NAME)";
				SWIFT_EMIT_LOC_STRINGS = YES;
				SWIFT_VERSION = 5.0;
				TARGETED_DEVICE_FAMILY = 1;
			};
			name = Debug;
		};
		B00000000000000000000004 /* Release */ = {
			isa = XCBuildConfiguration;
			buildSettings = {
				CODE_SIGN_STYLE = Automatic;
				CURRENT_PROJECT_VERSION = 1;
				ENABLE_PREVIEWS = YES;
				GENERATE_INFOPLIST_FILE = YES;
				INFOPLIST_KEY_CFBundleDisplayName = "青课";
				INFOPLIST_KEY_LSApplicationCategoryType = "public.app-category.education";
				INFOPLIST_KEY_UIApplicationSceneManifest_Generation = YES;
				INFOPLIST_KEY_UIApplicationSupportsIndirectInputEvents = YES;
				INFOPLIST_KEY_UILaunchScreen_Generation = YES;
				LD_RUNPATH_SEARCH_PATHS = (
					"$(inherited)",
					"@executable_path/Frameworks",
				);
				MARKETING_VERSION = 0.1.0;
				PRODUCT_BUNDLE_IDENTIFIER = com.example.QingKeSchedule;
				PRODUCT_NAME = "$(TARGET_NAME)";
				SWIFT_EMIT_LOC_STRINGS = YES;
				SWIFT_VERSION = 5.0;
				TARGETED_DEVICE_FAMILY = 1;
			};
			name = Release;
		};
		B00000000000000000000005 /* Debug */ = {
			isa = XCBuildConfiguration;
			buildSettings = {
				BUNDLE_LOADER = "$(TEST_HOST)";
				CODE_SIGN_STYLE = Automatic;
				GENERATE_INFOPLIST_FILE = YES;
				IPHONEOS_DEPLOYMENT_TARGET = 17.0;
				LD_RUNPATH_SEARCH_PATHS = (
					"$(inherited)",
					"@executable_path/Frameworks",
					"@loader_path/Frameworks",
				);
				PRODUCT_BUNDLE_IDENTIFIER = com.example.QingKeScheduleTests;
				PRODUCT_NAME = "$(TARGET_NAME)";
				SWIFT_VERSION = 5.0;
				TARGETED_DEVICE_FAMILY = 1;
				TEST_HOST = "$(BUILT_PRODUCTS_DIR)/QingKeSchedule.app/$(BUNDLE_EXECUTABLE_FOLDER_PATH)/QingKeSchedule";
			};
			name = Debug;
		};
		B00000000000000000000006 /* Release */ = {
			isa = XCBuildConfiguration;
			buildSettings = {
				BUNDLE_LOADER = "$(TEST_HOST)";
				CODE_SIGN_STYLE = Automatic;
				GENERATE_INFOPLIST_FILE = YES;
				IPHONEOS_DEPLOYMENT_TARGET = 17.0;
				LD_RUNPATH_SEARCH_PATHS = (
					"$(inherited)",
					"@executable_path/Frameworks",
					"@loader_path/Frameworks",
				);
				PRODUCT_BUNDLE_IDENTIFIER = com.example.QingKeScheduleTests;
				PRODUCT_NAME = "$(TARGET_NAME)";
				SWIFT_VERSION = 5.0;
				TARGETED_DEVICE_FAMILY = 1;
				TEST_HOST = "$(BUILT_PRODUCTS_DIR)/QingKeSchedule.app/$(BUNDLE_EXECUTABLE_FOLDER_PATH)/QingKeSchedule";
			};
			name = Release;
		};
		B00000000000000000000007 /* Debug */ = {
			isa = XCBuildConfiguration;
			buildSettings = {
				CODE_SIGN_STYLE = Automatic;
				GENERATE_INFOPLIST_FILE = YES;
				IPHONEOS_DEPLOYMENT_TARGET = 17.0;
				LD_RUNPATH_SEARCH_PATHS = (
					"$(inherited)",
					"@executable_path/Frameworks",
					"@loader_path/Frameworks",
				);
				PRODUCT_BUNDLE_IDENTIFIER = com.example.QingKeScheduleUITests;
				PRODUCT_NAME = "$(TARGET_NAME)";
				SWIFT_VERSION = 5.0;
				TARGETED_DEVICE_FAMILY = 1;
				TEST_TARGET_NAME = QingKeSchedule;
			};
			name = Debug;
		};
		B00000000000000000000008 /* Release */ = {
			isa = XCBuildConfiguration;
			buildSettings = {
				CODE_SIGN_STYLE = Automatic;
				GENERATE_INFOPLIST_FILE = YES;
				IPHONEOS_DEPLOYMENT_TARGET = 17.0;
				LD_RUNPATH_SEARCH_PATHS = (
					"$(inherited)",
					"@executable_path/Frameworks",
					"@loader_path/Frameworks",
				);
				PRODUCT_BUNDLE_IDENTIFIER = com.example.QingKeScheduleUITests;
				PRODUCT_NAME = "$(TARGET_NAME)";
				SWIFT_VERSION = 5.0;
				TARGETED_DEVICE_FAMILY = 1;
				TEST_TARGET_NAME = QingKeSchedule;
			};
			name = Release;
		};
/* End XCBuildConfiguration section */

/* Begin XCConfigurationList section */
		A60000000000000000000000 /* Build configuration list for PBXProject "QingKeSchedule" */ = {
			isa = XCConfigurationList;
			buildConfigurations = (
				B00000000000000000000001 /* Debug */,
				B00000000000000000000002 /* Release */,
			);
			defaultConfigurationIsVisible = 0;
			defaultConfigurationName = Release;
		};
		A60000000000000000000001 /* Build configuration list for PBXNativeTarget "QingKeSchedule" */ = {
			isa = XCConfigurationList;
			buildConfigurations = (
				B00000000000000000000003 /* Debug */,
				B00000000000000000000004 /* Release */,
			);
			defaultConfigurationIsVisible = 0;
			defaultConfigurationName = Release;
		};
		A60000000000000000000002 /* Build configuration list for PBXNativeTarget "QingKeScheduleTests" */ = {
			isa = XCConfigurationList;
			buildConfigurations = (
				B00000000000000000000005 /* Debug */,
				B00000000000000000000006 /* Release */,
			);
			defaultConfigurationIsVisible = 0;
			defaultConfigurationName = Release;
		};
		A60000000000000000000003 /* Build configuration list for PBXNativeTarget "QingKeScheduleUITests" */ = {
			isa = XCConfigurationList;
			buildConfigurations = (
				B00000000000000000000007 /* Debug */,
				B00000000000000000000008 /* Release */,
			);
			defaultConfigurationIsVisible = 0;
			defaultConfigurationName = Release;
		};
/* End XCConfigurationList section */
	};
	rootObject = A00000000000000000000000 /* Project object */;
}
